
Microsoft Visual Studio Solution File, Format Version 12.00
# Visual Studio Version 16
VisualStudioVersion = 16.0.29418.71
MinimumVisualStudioVersion = 10.0.40219.1
Project("{FAE04EC0-301F-11D3-BF4B-00C04F79EFBC}") = "MvcMovie", "MvcMovie.csproj", "{90869596-C56D-4A34-B6A9-90BD51AB3829}"
EndProject
Global
	GlobalSection(SolutionConfigurationPlatforms) = preSolution
		Debug|Any CPU = Debug|Any CPU
		Release|Any CPU = Release|Any CPU
	EndGlobalSection
	GlobalSection(ProjectConfigurationPlatforms) = postSolution
		{90869596-C56D-4A34-B6A9-90BD51AB3829}.Debug|Any CPU.ActiveCfg = Debug|Any CPU
		{90869596-C56D-4A34-B6A9-90BD51AB3829}.Debug|Any CPU.Build.0 = Debug|Any CPU
		{90869596-C56D-4A34-B6A9-90BD51AB3829}.Release|Any CPU.ActiveCfg = Release|Any CPU
		{90869596-C56D-4A34-B6A9-90BD51AB3829}.Release|Any CPU.Build.0 = Release|Any CPU
	EndGlobalSection
	GlobalSection(SolutionProperties) = preSolution
		HideSolutionNode = FALSE
	EndGlobalSection
	GlobalSection(ExtensibilityGlobals) = postSolution
		SolutionGuid = {AB21A82D-0B75-4E2B-8675-350578E665CB}
	EndGlobalSection
EndGlobal
